
Microsoft Visual Studio Solution File, Format Version 12.00
# Visual Studio 2012
Project("{FAE04EC0-301F-11D3-BF4B-00C04F79EFBC}") = "WebServiceAccessKeyAuth", "WebServiceAccessKeyAuth\WebServiceAccessKeyAuth.csproj", "{F273B76F-879C-4663-9E91-0571826DE021}"
EndProject
Global
	GlobalSection(SolutionConfigurationPlatforms) = preSolution
		Debug|Any CPU = Debug|Any CPU
		Release|Any CPU = Release|Any CPU
	EndGlobalSection
	GlobalSection(ProjectConfigurationPlatforms) = postSolution
		{F273B76F-879C-4663-9E91-0571826DE021}.Debug|Any CPU.ActiveCfg = Debug|Any CPU
		{F273B76F-879C-4663-9E91-0571826DE021}.Debug|Any CPU.Build.0 = Debug|Any CPU
		{F273B76F-879C-4663-9E91-0571826DE021}.Release|Any CPU.ActiveCfg = Release|Any CPU
		{F273B76F-879C-4663-9E91-0571826DE021}.Release|Any CPU.Build.0 = Release|Any CPU
	EndGlobalSection
	GlobalSection(SolutionProperties) = preSolution
		HideSolutionNode = FALSE
	EndGlobalSection
EndGlobal
