
Microsoft Visual Studio Solution File, Format Version 12.00
# Visual Studio 2012
Project("{F14B399A-7131-4C87-9E4B-1186C45EF12D}") = "NAV Report", "NAV Report\NAV Report.rptproj", "{3B8ABC97-B755-4D3D-85EE-7F4CCE155DED}"
EndProject
Global
	GlobalSection(SolutionConfigurationPlatforms) = preSolution
		Debug|Default = Debug|Default
		DebugLocal|Default = DebugLocal|Default
		Release|Default = Release|Default
	EndGlobalSection
	GlobalSection(ProjectConfigurationPlatforms) = postSolution
		{3B8ABC97-B755-4D3D-85EE-7F4CCE155DED}.Debug|Default.ActiveCfg = Debug
		{3B8ABC97-B755-4D3D-85EE-7F4CCE155DED}.Debug|Default.Build.0 = Debug
		{3B8ABC97-B755-4D3D-85EE-7F4CCE155DED}.Debug|Default.Deploy.0 = Debug
		{3B8ABC97-B755-4D3D-85EE-7F4CCE155DED}.DebugLocal|Default.ActiveCfg = DebugLocal
		{3B8ABC97-B755-4D3D-85EE-7F4CCE155DED}.DebugLocal|Default.Build.0 = DebugLocal
		{3B8ABC97-B755-4D3D-85EE-7F4CCE155DED}.Release|Default.ActiveCfg = Release
		{3B8ABC97-B755-4D3D-85EE-7F4CCE155DED}.Release|Default.Build.0 = Release
		{3B8ABC97-B755-4D3D-85EE-7F4CCE155DED}.Release|Default.Deploy.0 = Release
	EndGlobalSection
	GlobalSection(SolutionProperties) = preSolution
		HideSolutionNode = FALSE
	EndGlobalSection
EndGlobal
