
Microsoft Visual Studio Solution File, Format Version 12.00
# Visual Studio 2012
Project("{FAE04EC0-301F-11D3-BF4B-00C04F79EFBC}") = "NAVSalesOrdersWebService", "NAVSalesOrdersWebService\NAVSalesOrdersWebService.csproj", "{780176DA-3A91-4010-A6BA-E53D6EC2F99B}"
EndProject
Global
	GlobalSection(SolutionConfigurationPlatforms) = preSolution
		Debug|Any CPU = Debug|Any CPU
		Release|Any CPU = Release|Any CPU
	EndGlobalSection
	GlobalSection(ProjectConfigurationPlatforms) = postSolution
		{780176DA-3A91-4010-A6BA-E53D6EC2F99B}.Debug|Any CPU.ActiveCfg = Debug|Any CPU
		{780176DA-3A91-4010-A6BA-E53D6EC2F99B}.Debug|Any CPU.Build.0 = Debug|Any CPU
		{780176DA-3A91-4010-A6BA-E53D6EC2F99B}.Release|Any CPU.ActiveCfg = Release|Any CPU
		{780176DA-3A91-4010-A6BA-E53D6EC2F99B}.Release|Any CPU.Build.0 = Release|Any CPU
	EndGlobalSection
	GlobalSection(SolutionProperties) = preSolution
		HideSolutionNode = FALSE
	EndGlobalSection
EndGlobal
